
Microsoft Visual Studio Solution File, Format Version 12.00
# Visual Studio Version 17
VisualStudioVersion = 17.2.32526.322
MinimumVisualStudioVersion = 10.0.40219.1
Project("{2150E333-8FDC-42A3-9474-1A3956D46DE8}") = "API", "API", "{7FB5AFAE-00AD-4A0E-9E1C-84D3E54A5314}"
EndProject
Project("{2150E333-8FDC-42A3-9474-1A3956D46DE8}") = "Application", "Application", "{2DAB60D7-5A6B-4CEC-A89D-2D0EA563B334}"
EndProject
Project("{2150E333-8FDC-42A3-9474-1A3956D46DE8}") = "Tools", "Tools", "{BCDD88E8-992E-4798-A26E-12FB1F55E5A5}"
ProjectSection(SolutionItems) = preProject
	console.sql = console.sql
EndProjectSection
EndProject
Project("{2150E333-8FDC-42A3-9474-1A3956D46DE8}") = "Domain", "Domain", "{4C64BD98-9619-4A47-8FCB-32355B74C221}"
EndProject
Project("{2150E333-8FDC-42A3-9474-1A3956D46DE8}") = "Infrastructure", "Infrastructure", "{F7DC2794-C4B9-4E86-ABE3-1AFB5EC969A2}"
EndProject
Project("{FAE04EC0-301F-11D3-BF4B-00C04F79EFBC}") = "BankSystem.Domain", "BankSystem.Domain\BankSystem.Domain.csproj", "{8FA82126-168D-48A7-A2EF-967A452B43B7}"
EndProject
Project("{FAE04EC0-301F-11D3-BF4B-00C04F79EFBC}") = "Practice", "Practice\Practice.csproj", "{9B022027-FDFE-4595-98F9-8CA1F63A5C0F}"
EndProject
Project("{FAE04EC0-301F-11D3-BF4B-00C04F79EFBC}") = "BankSystem.App", "BankSystem.App\BankSystem.App.csproj", "{8F3FAF84-3C8E-4689-8403-FEF9CCD4CFFF}"
EndProject
Project("{FAE04EC0-301F-11D3-BF4B-00C04F79EFBC}") = "BankSystem.App.Tests", "BankSystem.App.Tests\BankSystem.App.Tests.csproj", "{C496EDD5-434D-4A47-A5F5-5EB3E2804FA6}"
EndProject
Project("{FAE04EC0-301F-11D3-BF4B-00C04F79EFBC}") = "BankSystem.Data", "BankSystem.Data\BankSystem.Data.csproj", "{C79376B8-D232-45BE-833E-29B83B606CB1}"
EndProject
Project("{FAE04EC0-301F-11D3-BF4B-00C04F79EFBC}") = "BankSystem.App.Services.Tests", "BankSystem.App.Services.Tests\BankSystem.App.Services.Tests.csproj", "{0E51DED5-A46F-4C3C-826A-8DAEABB07C9B}"
EndProject
Project("{FAE04EC0-301F-11D3-BF4B-00C04F79EFBC}") = "BankSystem.Data.Tests", "BankSystem.Data.Tests\BankSystem.Data.Tests.csproj", "{0F55BBB4-E953-4648-994C-B2FEA1D6DC5D}"
EndProject
Global
	GlobalSection(SolutionConfigurationPlatforms) = preSolution
		Debug|Any CPU = Debug|Any CPU
		Release|Any CPU = Release|Any CPU
	EndGlobalSection
	GlobalSection(ProjectConfigurationPlatforms) = postSolution
		{8FA82126-168D-48A7-A2EF-967A452B43B7}.Debug|Any CPU.ActiveCfg = Debug|Any CPU
		{8FA82126-168D-48A7-A2EF-967A452B43B7}.Debug|Any CPU.Build.0 = Debug|Any CPU
		{8FA82126-168D-48A7-A2EF-967A452B43B7}.Release|Any CPU.ActiveCfg = Release|Any CPU
		{8FA82126-168D-48A7-A2EF-967A452B43B7}.Release|Any CPU.Build.0 = Release|Any CPU
		{9B022027-FDFE-4595-98F9-8CA1F63A5C0F}.Debug|Any CPU.ActiveCfg = Debug|Any CPU
		{9B022027-FDFE-4595-98F9-8CA1F63A5C0F}.Debug|Any CPU.Build.0 = Debug|Any CPU
		{9B022027-FDFE-4595-98F9-8CA1F63A5C0F}.Release|Any CPU.ActiveCfg = Release|Any CPU
		{9B022027-FDFE-4595-98F9-8CA1F63A5C0F}.Release|Any CPU.Build.0 = Release|Any CPU
		{8F3FAF84-3C8E-4689-8403-FEF9CCD4CFFF}.Debug|Any CPU.ActiveCfg = Debug|Any CPU
		{8F3FAF84-3C8E-4689-8403-FEF9CCD4CFFF}.Debug|Any CPU.Build.0 = Debug|Any CPU
		{8F3FAF84-3C8E-4689-8403-FEF9CCD4CFFF}.Release|Any CPU.ActiveCfg = Release|Any CPU
		{8F3FAF84-3C8E-4689-8403-FEF9CCD4CFFF}.Release|Any CPU.Build.0 = Release|Any CPU
		{C496EDD5-434D-4A47-A5F5-5EB3E2804FA6}.Debug|Any CPU.ActiveCfg = Debug|Any CPU
		{C496EDD5-434D-4A47-A5F5-5EB3E2804FA6}.Debug|Any CPU.Build.0 = Debug|Any CPU
		{C496EDD5-434D-4A47-A5F5-5EB3E2804FA6}.Release|Any CPU.ActiveCfg = Release|Any CPU
		{C496EDD5-434D-4A47-A5F5-5EB3E2804FA6}.Release|Any CPU.Build.0 = Release|Any CPU
		{C79376B8-D232-45BE-833E-29B83B606CB1}.Debug|Any CPU.ActiveCfg = Debug|Any CPU
		{C79376B8-D232-45BE-833E-29B83B606CB1}.Debug|Any CPU.Build.0 = Debug|Any CPU
		{C79376B8-D232-45BE-833E-29B83B606CB1}.Release|Any CPU.ActiveCfg = Release|Any CPU
		{C79376B8-D232-45BE-833E-29B83B606CB1}.Release|Any CPU.Build.0 = Release|Any CPU
		{0E51DED5-A46F-4C3C-826A-8DAEABB07C9B}.Debug|Any CPU.ActiveCfg = Debug|Any CPU
		{0E51DED5-A46F-4C3C-826A-8DAEABB07C9B}.Debug|Any CPU.Build.0 = Debug|Any CPU
		{0E51DED5-A46F-4C3C-826A-8DAEABB07C9B}.Release|Any CPU.ActiveCfg = Release|Any CPU
		{0E51DED5-A46F-4C3C-826A-8DAEABB07C9B}.Release|Any CPU.Build.0 = Release|Any CPU
		{0F55BBB4-E953-4648-994C-B2FEA1D6DC5D}.Debug|Any CPU.ActiveCfg = Debug|Any CPU
		{0F55BBB4-E953-4648-994C-B2FEA1D6DC5D}.Debug|Any CPU.Build.0 = Debug|Any CPU
		{0F55BBB4-E953-4648-994C-B2FEA1D6DC5D}.Release|Any CPU.ActiveCfg = Release|Any CPU
		{0F55BBB4-E953-4648-994C-B2FEA1D6DC5D}.Release|Any CPU.Build.0 = Release|Any CPU
	EndGlobalSection
	GlobalSection(SolutionProperties) = preSolution
		HideSolutionNode = FALSE
	EndGlobalSection
	GlobalSection(ExtensibilityGlobals) = postSolution
		SolutionGuid = {0097849E-39FC-49C1-B05C-98D472240A58}
	EndGlobalSection
	GlobalSection(NestedProjects) = preSolution
		{8FA82126-168D-48A7-A2EF-967A452B43B7} = {4C64BD98-9619-4A47-8FCB-32355B74C221}
		{9B022027-FDFE-4595-98F9-8CA1F63A5C0F} = {BCDD88E8-992E-4798-A26E-12FB1F55E5A5}
		{8F3FAF84-3C8E-4689-8403-FEF9CCD4CFFF} = {2DAB60D7-5A6B-4CEC-A89D-2D0EA563B334}
		{C496EDD5-434D-4A47-A5F5-5EB3E2804FA6} = {2DAB60D7-5A6B-4CEC-A89D-2D0EA563B334}
		{C79376B8-D232-45BE-833E-29B83B606CB1} = {F7DC2794-C4B9-4E86-ABE3-1AFB5EC969A2}
		{0E51DED5-A46F-4C3C-826A-8DAEABB07C9B} = {2DAB60D7-5A6B-4CEC-A89D-2D0EA563B334}
		{0F55BBB4-E953-4648-994C-B2FEA1D6DC5D} = {F7DC2794-C4B9-4E86-ABE3-1AFB5EC969A2}
	EndGlobalSection
EndGlobal
